// !$*UTF8*$!
{
	archiveVersion = 1;
	classes = {
	};
	objectVersion = 46;
	objects = {

/* Begin PBXBuildFile section */
		7C81FBE31AAE010C006C7ABE /* main.cpp in Sources */ = {isa = PBXBuildFile; fileRef = 7C81FBE21AAE010C006C7ABE /* main.cpp */; };
/* End PBXBuildFile section */

/* Begin PBXCopyFilesBuildPhase section */
		7C81FBDD1AAE010C006C7ABE /* CopyFiles */ = {
			isa = PBXCopyFilesBuildPhase;
			buildActionMask = 2147483647;
			dstPath = /usr/share/man/man1/;
			dstSubfolderSpec = 0;
			files = (
			);
			runOnlyForDeploymentPostprocessing = 1;
		};
/* End PBXCopyFilesBuildPhase section */

/* Begin PBXFileReference section */
		7C81FBDF1AAE010C006C7ABE /* Project2 Extra Credit */ = {isa = PBXFileReference; explicitFileType = "compiled.mach-o.executable"; includeInIndex = 0; path = "Project2 Extra Credit"; sourceTree = BUILT_PRODUCTS_DIR; };
		7C81FBE21AAE010C006C7ABE /* main.cpp */ = {isa = PBXFileReference; lastKnownFileType = sourcecode.cpp.cpp; path = main.cpp; sourceTree = "<group>"; };
/* End PBXFileReference section */

/* Begin PBXFrameworksBuildPhase section */
		7C81FBDC1AAE010C006C7ABE /* Frameworks */ = {
			isa = PBXFrameworksBuildPhase;
			buildActionMask = 2147483647;
			files = (
			);
			runOnlyForDeploymentPostprocessing = 0;
		};
/* End PBXFrameworksBuildPhase section */

/* Begin PBXGroup section */
		7C81FBD61AAE010C006C7ABE = {
			isa = PBXGroup;
			children = (
				7C81FBE11AAE010C006C7ABE /* Project2 Extra Credit */,
				7C81FBE01AAE010C006C7ABE /* Products */,
			);
			sourceTree = "<group>";
		};
		7C81FBE01AAE010C006C7ABE /* Products */ = {
			isa = PBXGroup;
			children = (
				7C81FBDF1AAE010C006C7ABE /* Project2 Extra Credit */,
			);
			name = Products;
			sourceTree = "<group>";
		};
		7C81FBE11AAE010C006C7ABE /* Project2 Extra Credit */ = {
			isa = PBXGroup;
			children = (
				7C81FBE21AAE010C006C7ABE /* main.cpp */,
			);
			path = "Project2 Extra Credit";
			sourceTree = "<group>";
		};
/* End PBXGroup section */

/* Begin PBXNativeTarget section */
		7C81FBDE1AAE010C006C7ABE /* Project2 Extra Credit */ = {
			isa = PBXNativeTarget;
			buildConfigurationList = 7C81FBE61AAE010D006C7ABE /* Build configuration list for PBXNativeTarget "Project2 Extra Credit" */;
			buildPhases = (
				7C81FBDB1AAE010C006C7ABE /* Sources */,
				7C81FBDC1AAE010C006C7ABE /* Frameworks */,
				7C81FBDD1AAE010C006C7ABE /* CopyFiles */,
			);
			buildRules = (
			);
			dependencies = (
			);
			name = "Project2 Extra Credit";
			productName = "Project2 Extra Credit";
			productReference = 7C81FBDF1AAE010C006C7ABE /* Project2 Extra Credit */;
			productType = "com.apple.product-type.tool";
		};
/* End PBXNativeTarget section */

/* Begin PBXProject section */
		7C81FBD71AAE010C006C7ABE /* Project object */ = {
			isa = PBXProject;
			attributes = {
				LastUpgradeCheck = 0610;
				ORGANIZATIONNAME = "Joseph Brinkley";
				TargetAttributes = {
					7C81FBDE1AAE010C006C7ABE = {
						CreatedOnToolsVersion = 6.1.1;
					};
				};
			};
			buildConfigurationList = 7C81FBDA1AAE010C006C7ABE /* Build configuration list for PBXProject "Project2 Extra Credit" */;
			compatibilityVersion = "Xcode 3.2";
			developmentRegion = English;
			hasScannedForEncodings = 0;
			knownRegions = (
				en,
			);
			mainGroup = 7C81FBD61AAE010C006C7ABE;
			productRefGroup = 7C81FBE01AAE010C006C7ABE /* Products */;
			projectDirPath = "";
			projectRoot = "";
			targets = (
				7C81FBDE1AAE010C006C7ABE /* Project2 Extra Credit */,
			);
		};
/* End PBXProject section */

/* Begin PBXSourcesBuildPhase section */
		7C81FBDB1AAE010C006C7ABE /* Sources */ = {
			isa = PBXSourcesBuildPhase;
			buildActionMask = 2147483647;
			files = (
				7C81FBE31AAE010C006C7ABE /* main.cpp in Sources */,
			);
			runOnlyForDeploymentPostprocessing = 0;
		};
/* End PBXSourcesBuildPhase section */

/* Begin XCBuildConfiguration section */
		7C81FBE41AAE010C006C7ABE /* Debug */ = {
			isa = XCBuildConfiguration;
			buildSettings = {
				ALWAYS_SEARCH_USER_PATHS = NO;
				CLANG_CXX_LANGUAGE_STANDARD = "gnu++0x";
				CLANG_CXX_LIBRARY = "libc++";
				CLANG_ENABLE_MODULES = YES;
				CLANG_ENABLE_OBJC_ARC = YES;
				CLANG_WARN_BOOL_CONVERSION = YES;
				CLANG_WARN_CONSTANT_CONVERSION = YES;
				CLANG_WARN_DIRECT_OBJC_ISA_USAGE = YES_ERROR;
				CLANG_WARN_EMPTY_BODY = YES;
				CLANG_WARN_ENUM_CONVERSION = YES;
				CLANG_WARN_INT_CONVERSION = YES;
				CLANG_WARN_OBJC_ROOT_CLASS = YES_ERROR;
				CLANG_WARN_UNREACHABLE_CODE = YES;
				CLANG_WARN__DUPLICATE_METHOD_MATCH = YES;
				COPY_PHASE_STRIP = NO;
				ENABLE_STRICT_OBJC_MSGSEND = YES;
				GCC_C_LANGUAGE_STANDARD = gnu99;
				GCC_DYNAMIC_NO_PIC = NO;
				GCC_OPTIMIZATION_LEVEL = 0;
				GCC_PREPROCESSOR_DEFINITIONS = (
					"DEBUG=1",
					"$(inherited)",
				);
				GCC_SYMBOLS_PRIVATE_EXTERN = NO;
				GCC_WARN_64_TO_32_BIT_CONVERSION = YES;
				GCC_WARN_ABOUT_RETURN_TYPE = YES_ERROR;
				GCC_WARN_UNDECLARED_SELECTOR = YES;
				GCC_WARN_UNINITIALIZED_AUTOS = YES_AGGRESSIVE;
				GCC_WARN_UNUSED_FUNCTION = YES;
				GCC_WARN_UNUSED_VARIABLE = YES;
				MACOSX_DEPLOYMENT_TARGET = 10.10;
				MTL_ENABLE_DEBUG_INFO = YES;
				ONLY_ACTIVE_ARCH = YES;
				SDKROOT = macosx;
			};
			name = Debug;
		};
		7C81FBE51AAE010C006C7ABE /* Release */ = {
			isa = XCBuildConfiguration;
			buildSettings = {
				ALWAYS_SEARCH_USER_PATHS = NO;
				CLANG_CXX_LANGUAGE_STANDARD = "gnu++0x";
				CLANG_CXX_LIBRARY = "libc++";
				CLANG_ENABLE_MODULES = YES;
				CLANG_ENABLE_OBJC_ARC = YES;
				CLANG_WARN_BOOL_CONVERSION = YES;
				CLANG_WARN_CONSTANT_CONVERSION = YES;
				CLANG_WARN_DIRECT_OBJC_ISA_USAGE = YES_ERROR;
				CLANG_WARN_EMPTY_BODY = YES;
				CLANG_WARN_ENUM_CONVERSION = YES;
				CLANG_WARN_INT_CONVERSION = YES;
				CLANG_WARN_OBJC_ROOT_CLASS = YES_ERROR;
				CLANG_WARN_UNREACHABLE_CODE = YES;
				CLANG_WARN__DUPLICATE_METHOD_MATCH = YES;
				COPY_PHASE_STRIP = YES;
				DEBUG_INFORMATION_FORMAT = "dwarf-with-dsym";
				ENABLE_NS_ASSERTIONS = NO;
				ENABLE_STRICT_OBJC_MSGSEND = YES;
				GCC_C_LANGUAGE_STANDARD = gnu99;
				GCC_WARN_64_TO_32_BIT_CONVERSION = YES;
				GCC_WARN_ABOUT_RETURN_TYPE = YES_ERROR;
				GCC_WARN_UNDECLARED_SELECTOR = YES;
				GCC_WARN_UNINITIALIZED_AUTOS = YES_AGGRESSIVE;
				GCC_WARN_UNUSED_FUNCTION = YES;
				GCC_WARN_UNUSED_VARIABLE = YES;
				MACOSX_DEPLOYMENT_TARGET = 10.10;
				MTL_ENABLE_DEBUG_INFO = NO;
				SDKROOT = macosx;
			};
			name = Release;
		};
		7C81FBE71AAE010D006C7ABE /* Debug */ = {
			isa = XCBuildConfiguration;
			buildSettings = {
				PRODUCT_NAME = "$(TARGET_NAME)";
			};
			name = Debug;
		};
		7C81FBE81AAE010D006C7ABE /* Release */ = {
			isa = XCBuildConfiguration;
			buildSettings = {
				PRODUCT_NAME = "$(TARGET_NAME)";
			};
			name = Release;
		};
/* End XCBuildConfiguration section */

/* Begin XCConfigurationList section */
		7C81FBDA1AAE010C006C7ABE /* Build configuration list for PBXProject "Project2 Extra Credit" */ = {
			isa = XCConfigurationList;
			buildConfigurations = (
				7C81FBE41AAE010C006C7ABE /* Debug */,
				7C81FBE51AAE010C006C7ABE /* Release */,
			);
			defaultConfigurationIsVisible = 0;
			defaultConfigurationName = Release;
		};
		7C81FBE61AAE010D006C7ABE /* Build configuration list for PBXNativeTarget "Project2 Extra Credit" */ = {
			isa = XCConfigurationList;
			buildConfigurations = (
				7C81FBE71AAE010D006C7ABE /* Debug */,
				7C81FBE81AAE010D006C7ABE /* Release */,
			);
			defaultConfigurationIsVisible = 0;
		};
/* End XCConfigurationList section */
	};
	rootObject = 7C81FBD71AAE010C006C7ABE /* Project object */;
}
